PODS:
  - Bolts/Tasks (1.6.0)
  - Parse (1.12.0):
    - Bolts/Tasks (~> 1.5)

DEPENDENCIES:
  - Parse

SPEC CHECKSUMS:
  Bolts: f52a250053bb517ca874523c3913776359ab3def
  Parse: de2c52a9a1421b91ae7594ab8ce191afd184f19b

PODFILE CHECKSUM: e1d6b90ae3091562bb6a94a828aa6b838a916e7a

COCOAPODS: 1.1.0.rc.2
