// !$*UTF8*$!
{
	archiveVersion = 1;
	classes = {
	};
	objectVersion = 46;
	objects = {

/* Begin PBXBuildFile section */
		158568FD1DA2E7C000C03008 /* main.m in Sources */ = {isa = PBXBuildFile; fileRef = 158568FC1DA2E7C000C03008 /* main.m */; };
		158569001DA2E7C000C03008 /* AppDelegate.m in Sources */ = {isa = PBXBuildFile; fileRef = 158568FF1DA2E7C000C03008 /* AppDelegate.m */; };
		158569031DA2E7C000C03008 /* RestaurantViewController.m in Sources */ = {isa = PBXBuildFile; fileRef = 158569021DA2E7C000C03008 /* RestaurantViewController.m */; };
		158569061DA2E7C000C03008 /* RestaurantQueue.storyboard in Resources */ = {isa = PBXBuildFile; fileRef = 158569041DA2E7C000C03008 /* RestaurantQueue.storyboard */; };
		158569081DA2E7C000C03008 /* Assets.xcassets in Resources */ = {isa = PBXBuildFile; fileRef = 158569071DA2E7C000C03008 /* Assets.xcassets */; };
		1585690B1DA2E7C000C03008 /* LaunchScreen.storyboard in Resources */ = {isa = PBXBuildFile; fileRef = 158569091DA2E7C000C03008 /* LaunchScreen.storyboard */; };
		4108119F831A7977810A5BB5 /* Pods_Qmi.framework in Frameworks */ = {isa = PBXBuildFile; fileRef = 284BE4781AE55F08B2E5332F /* Pods_Qmi.framework */; };
		7D84B3461DA2EFE90013CCF3 /* QueueViewCell.m in Sources */ = {isa = PBXBuildFile; fileRef = 7D84B3451DA2EFE90013CCF3 /* QueueViewCell.m */; };
		7D84B3491DA2F1AB0013CCF3 /* Customer.m in Sources */ = {isa = PBXBuildFile; fileRef = 7D84B3481DA2F1AB0013CCF3 /* Customer.m */; };
		7D84B34C1DA2F26C0013CCF3 /* Resturant.m in Sources */ = {isa = PBXBuildFile; fileRef = 7D84B34B1DA2F26C0013CCF3 /* Resturant.m */; };
		7D84B3511DA2FBF90013CCF3 /* CustomerViewController.m in Sources */ = {isa = PBXBuildFile; fileRef = 7D84B3501DA2FBF90013CCF3 /* CustomerViewController.m */; };
		7D84B3541DA30BCC0013CCF3 /* User.m in Sources */ = {isa = PBXBuildFile; fileRef = 7D84B3531DA30BCC0013CCF3 /* User.m */; };
		7D84B3561DA31FA20013CCF3 /* CustomerMainView.storyboard in Resources */ = {isa = PBXBuildFile; fileRef = 7D84B3551DA31FA20013CCF3 /* CustomerMainView.storyboard */; };
		7D8E436E1DA351D300350E38 /* LocationManager.m in Sources */ = {isa = PBXBuildFile; fileRef = 7D8E436D1DA351D300350E38 /* LocationManager.m */; };
/* End PBXBuildFile section */

/* Begin PBXFileReference section */
		158568F81DA2E7C000C03008 /* Qmi.app */ = {isa = PBXFileReference; explicitFileType = wrapper.application; includeInIndex = 0; path = Qmi.app; sourceTree = BUILT_PRODUCTS_DIR; };
		158568FC1DA2E7C000C03008 /* main.m */ = {isa = PBXFileReference; lastKnownFileType = sourcecode.c.objc; path = main.m; sourceTree = "<group>"; };
		158568FE1DA2E7C000C03008 /* AppDelegate.h */ = {isa = PBXFileReference; lastKnownFileType = sourcecode.c.h; path = AppDelegate.h; sourceTree = "<group>"; };
		158568FF1DA2E7C000C03008 /* AppDelegate.m */ = {isa = PBXFileReference; lastKnownFileType = sourcecode.c.objc; path = AppDelegate.m; sourceTree = "<group>"; };
		158569011DA2E7C000C03008 /* RestaurantViewController.h */ = {isa = PBXFileReference; lastKnownFileType = sourcecode.c.h; path = RestaurantViewController.h; sourceTree = "<group>"; };
		158569021DA2E7C000C03008 /* RestaurantViewController.m */ = {isa = PBXFileReference; lastKnownFileType = sourcecode.c.objc; path = RestaurantViewController.m; sourceTree = "<group>"; };
		158569051DA2E7C000C03008 /* Base */ = {isa = PBXFileReference; lastKnownFileType = file.storyboard; name = Base; path = Base.lproj/RestaurantQueue.storyboard; sourceTree = "<group>"; };
		158569071DA2E7C000C03008 /* Assets.xcassets */ = {isa = PBXFileReference; lastKnownFileType = folder.assetcatalog; path = Assets.xcassets; sourceTree = "<group>"; };
		1585690A1DA2E7C000C03008 /* Base */ = {isa = PBXFileReference; lastKnownFileType = file.storyboard; name = Base; path = Base.lproj/LaunchScreen.storyboard; sourceTree = "<group>"; };
		1585690C1DA2E7C000C03008 /* Info.plist */ = {isa = PBXFileReference; lastKnownFileType = text.plist.xml; path = Info.plist; sourceTree = "<group>"; };
		284BE4781AE55F08B2E5332F /* Pods_Qmi.framework */ = {isa = PBXFileReference; explicitFileType = wrapper.framework; includeInIndex = 0; path = Pods_Qmi.framework; sourceTree = BUILT_PRODUCTS_DIR; };
		7D84B3441DA2EFE90013CCF3 /* QueueViewCell.h */ = {isa = PBXFileReference; fileEncoding = 4; lastKnownFileType = sourcecode.c.h; path = QueueViewCell.h; sourceTree = "<group>"; };
		7D84B3451DA2EFE90013CCF3 /* QueueViewCell.m */ = {isa = PBXFileReference; fileEncoding = 4; lastKnownFileType = sourcecode.c.objc; path = QueueViewCell.m; sourceTree = "<group>"; };
		7D84B3471DA2F1AB0013CCF3 /* Customer.h */ = {isa = PBXFileReference; fileEncoding = 4; lastKnownFileType = sourcecode.c.h; path = Customer.h; sourceTree = "<group>"; };
		7D84B3481DA2F1AB0013CCF3 /* Customer.m */ = {isa = PBXFileReference; fileEncoding = 4; lastKnownFileType = sourcecode.c.objc; path = Customer.m; sourceTree = "<group>"; };
		7D84B34A1DA2F26C0013CCF3 /* Resturant.h */ = {isa = PBXFileReference; fileEncoding = 4; lastKnownFileType = sourcecode.c.h; path = Resturant.h; sourceTree = "<group>"; };
		7D84B34B1DA2F26C0013CCF3 /* Resturant.m */ = {isa = PBXFileReference; fileEncoding = 4; lastKnownFileType = sourcecode.c.objc; path = Resturant.m; sourceTree = "<group>"; };
		7D84B34F1DA2FBF90013CCF3 /* CustomerViewController.h */ = {isa = PBXFileReference; fileEncoding = 4; lastKnownFileType = sourcecode.c.h; path = CustomerViewController.h; sourceTree = "<group>"; };
		7D84B3501DA2FBF90013CCF3 /* CustomerViewController.m */ = {isa = PBXFileReference; fileEncoding = 4; lastKnownFileType = sourcecode.c.objc; path = CustomerViewController.m; sourceTree = "<group>"; };
		7D84B3521DA30BCC0013CCF3 /* User.h */ = {isa = PBXFileReference; fileEncoding = 4; lastKnownFileType = sourcecode.c.h; path = User.h; sourceTree = "<group>"; };
		7D84B3531DA30BCC0013CCF3 /* User.m */ = {isa = PBXFileReference; fileEncoding = 4; lastKnownFileType = sourcecode.c.objc; path = User.m; sourceTree = "<group>"; };
		7D84B3551DA31FA20013CCF3 /* CustomerMainView.storyboard */ = {isa = PBXFileReference; fileEncoding = 4; lastKnownFileType = file.storyboard; path = CustomerMainView.storyboard; sourceTree = "<group>"; };
		7D8E436C1DA351D300350E38 /* LocationManager.h */ = {isa = PBXFileReference; fileEncoding = 4; lastKnownFileType = sourcecode.c.h; path = LocationManager.h; sourceTree = "<group>"; };
		7D8E436D1DA351D300350E38 /* LocationManager.m */ = {isa = PBXFileReference; fileEncoding = 4; lastKnownFileType = sourcecode.c.objc; path = LocationManager.m; sourceTree = "<group>"; };
		D29B0170580968EFDC36A770 /* Pods-Qmi.release.xcconfig */ = {isa = PBXFileReference; includeInIndex = 1; lastKnownFileType = text.xcconfig; name = "Pods-Qmi.release.xcconfig"; path = "Pods/Target Support Files/Pods-Qmi/Pods-Qmi.release.xcconfig"; sourceTree = "<group>"; };
		D5A40C302271F19D694B0373 /* Pods-Qmi.debug.xcconfig */ = {isa = PBXFileReference; includeInIndex = 1; lastKnownFileType = text.xcconfig; name = "Pods-Qmi.debug.xcconfig"; path = "Pods/Target Support Files/Pods-Qmi/Pods-Qmi.debug.xcconfig"; sourceTree = "<group>"; };
/* End PBXFileReference section */

/* Begin PBXFrameworksBuildPhase section */
		158568F51DA2E7BF00C03008 /* Frameworks */ = {
			isa = PBXFrameworksBuildPhase;
			buildActionMask = 2147483647;
			files = (
				4108119F831A7977810A5BB5 /* Pods_Qmi.framework in Frameworks */,
			);
			runOnlyForDeploymentPostprocessing = 0;
		};
/* End PBXFrameworksBuildPhase section */

/* Begin PBXGroup section */
		158568EF1DA2E7BF00C03008 = {
			isa = PBXGroup;
			children = (
				158568FA1DA2E7C000C03008 /* Qmi */,
				158568F91DA2E7C000C03008 /* Products */,
				D6BAF4C92EAAC0E971C11900 /* Pods */,
				E7A1971A941ABDB7DD5C0A5A /* Frameworks */,
			);
			sourceTree = "<group>";
		};
		158568F91DA2E7C000C03008 /* Products */ = {
			isa = PBXGroup;
			children = (
				158568F81DA2E7C000C03008 /* Qmi.app */,
			);
			name = Products;
			sourceTree = "<group>";
		};
		158568FA1DA2E7C000C03008 /* Qmi */ = {
			isa = PBXGroup;
			children = (
				158568FE1DA2E7C000C03008 /* AppDelegate.h */,
				158568FF1DA2E7C000C03008 /* AppDelegate.m */,
				28B6A1B31DA330A100A0AD33 /* Controller */,
				28B6A1B41DA330C800A0AD33 /* Model */,
				7D84B3551DA31FA20013CCF3 /* CustomerMainView.storyboard */,
				158569041DA2E7C000C03008 /* RestaurantQueue.storyboard */,
				158569071DA2E7C000C03008 /* Assets.xcassets */,
				158569091DA2E7C000C03008 /* LaunchScreen.storyboard */,
				1585690C1DA2E7C000C03008 /* Info.plist */,
				158568FB1DA2E7C000C03008 /* Supporting Files */,
			);
			path = Qmi;
			sourceTree = "<group>";
		};
		158568FB1DA2E7C000C03008 /* Supporting Files */ = {
			isa = PBXGroup;
			children = (
				158568FC1DA2E7C000C03008 /* main.m */,
			);
			name = "Supporting Files";
			sourceTree = "<group>";
		};
		28B6A1B31DA330A100A0AD33 /* Controller */ = {
			isa = PBXGroup;
			children = (
				158569011DA2E7C000C03008 /* RestaurantViewController.h */,
				158569021DA2E7C000C03008 /* RestaurantViewController.m */,
				7D84B34F1DA2FBF90013CCF3 /* CustomerViewController.h */,
				7D84B3501DA2FBF90013CCF3 /* CustomerViewController.m */,
				7D84B3441DA2EFE90013CCF3 /* QueueViewCell.h */,
				7D84B3451DA2EFE90013CCF3 /* QueueViewCell.m */,
			);
			name = Controller;
			sourceTree = "<group>";
		};
		28B6A1B41DA330C800A0AD33 /* Model */ = {
			isa = PBXGroup;
			children = (
				7D84B3471DA2F1AB0013CCF3 /* Customer.h */,
				7D84B3481DA2F1AB0013CCF3 /* Customer.m */,
				7D84B34A1DA2F26C0013CCF3 /* Resturant.h */,
				7D84B34B1DA2F26C0013CCF3 /* Resturant.m */,
				7D84B3521DA30BCC0013CCF3 /* User.h */,
				7D84B3531DA30BCC0013CCF3 /* User.m */,
				7D8E436C1DA351D300350E38 /* LocationManager.h */,
				7D8E436D1DA351D300350E38 /* LocationManager.m */,
			);
			name = Model;
			sourceTree = "<group>";
		};
		D6BAF4C92EAAC0E971C11900 /* Pods */ = {
			isa = PBXGroup;
			children = (
				D5A40C302271F19D694B0373 /* Pods-Qmi.debug.xcconfig */,
				D29B0170580968EFDC36A770 /* Pods-Qmi.release.xcconfig */,
			);
			name = Pods;
			sourceTree = "<group>";
		};
		E7A1971A941ABDB7DD5C0A5A /* Frameworks */ = {
			isa = PBXGroup;
			children = (
				284BE4781AE55F08B2E5332F /* Pods_Qmi.framework */,
			);
			name = Frameworks;
			sourceTree = "<group>";
		};
/* End PBXGroup section */

/* Begin PBXNativeTarget section */
		158568F71DA2E7BF00C03008 /* Qmi */ = {
			isa = PBXNativeTarget;
			buildConfigurationList = 1585690F1DA2E7C000C03008 /* Build configuration list for PBXNativeTarget "Qmi" */;
			buildPhases = (
				09371327EC78278F6DD1FFAB /* [CP] Check Pods Manifest.lock */,
				158568F41DA2E7BF00C03008 /* Sources */,
				158568F51DA2E7BF00C03008 /* Frameworks */,
				158568F61DA2E7BF00C03008 /* Resources */,
				C8851239F1A5C8152E337DC5 /* [CP] Embed Pods Frameworks */,
				85CDAC32D530BB0FE4FAF1A5 /* [CP] Copy Pods Resources */,
			);
			buildRules = (
			);
			dependencies = (
			);
			name = Qmi;
			productName = Qmi;
			productReference = 158568F81DA2E7C000C03008 /* Qmi.app */;
			productType = "com.apple.product-type.application";
		};
/* End PBXNativeTarget section */

/* Begin PBXProject section */
		158568F01DA2E7BF00C03008 /* Project object */ = {
			isa = PBXProject;
			attributes = {
				LastUpgradeCheck = 0800;
				ORGANIZATIONNAME = "Philip Ha";
				TargetAttributes = {
					158568F71DA2E7BF00C03008 = {
						CreatedOnToolsVersion = 8.0;
						DevelopmentTeam = B9P6859THW;
						ProvisioningStyle = Automatic;
					};
				};
			};
			buildConfigurationList = 158568F31DA2E7BF00C03008 /* Build configuration list for PBXProject "Qmi" */;
			compatibilityVersion = "Xcode 3.2";
			developmentRegion = English;
			hasScannedForEncodings = 0;
			knownRegions = (
				en,
				Base,
			);
			mainGroup = 158568EF1DA2E7BF00C03008;
			productRefGroup = 158568F91DA2E7C000C03008 /* Products */;
			projectDirPath = "";
			projectRoot = "";
			targets = (
				158568F71DA2E7BF00C03008 /* Qmi */,
			);
		};
/* End PBXProject section */

/* Begin PBXResourcesBuildPhase section */
		158568F61DA2E7BF00C03008 /* Resources */ = {
			isa = PBXResourcesBuildPhase;
			buildActionMask = 2147483647;
			files = (
				7D84B3561DA31FA20013CCF3 /* CustomerMainView.storyboard in Resources */,
				1585690B1DA2E7C000C03008 /* LaunchScreen.storyboard in Resources */,
				158569081DA2E7C000C03008 /* Assets.xcassets in Resources */,
				158569061DA2E7C000C03008 /* RestaurantQueue.storyboard in Resources */,
			);
			runOnlyForDeploymentPostprocessing = 0;
		};
/* End PBXResourcesBuildPhase section */

/* Begin PBXShellScriptBuildPhase section */
		09371327EC78278F6DD1FFAB /* [CP] Check Pods Manifest.lock */ = {
			isa = PBXShellScriptBuildPhase;
			buildActionMask = 2147483647;
			files = (
			);
			inputPaths = (
			);
			name = "[CP] Check Pods Manifest.lock";
			outputPaths = (
			);
			runOnlyForDeploymentPostprocessing = 0;
			shellPath = /bin/sh;
			shellScript = "diff \"${PODS_ROOT}/../Podfile.lock\" \"${PODS_ROOT}/Manifest.lock\" > /dev/null\nif [ $? != 0 ] ; then\n    # print error to STDERR\n    echo \"error: The sandbox is not in sync with the Podfile.lock. Run 'pod install' or update your CocoaPods installation.\" >&2\n    exit 1\nfi\n";
			showEnvVarsInLog = 0;
		};
		85CDAC32D530BB0FE4FAF1A5 /* [CP] Copy Pods Resources */ = {
			isa = PBXShellScriptBuildPhase;
			buildActionMask = 2147483647;
			files = (
			);
			inputPaths = (
			);
			name = "[CP] Copy Pods Resources";
			outputPaths = (
			);
			runOnlyForDeploymentPostprocessing = 0;
			shellPath = /bin/sh;
			shellScript = "\"${SRCROOT}/Pods/Target Support Files/Pods-Qmi/Pods-Qmi-resources.sh\"\n";
			showEnvVarsInLog = 0;
		};
		C8851239F1A5C8152E337DC5 /* [CP] Embed Pods Frameworks */ = {
			isa = PBXShellScriptBuildPhase;
			buildActionMask = 2147483647;
			files = (
			);
			inputPaths = (
			);
			name = "[CP] Embed Pods Frameworks";
			outputPaths = (
			);
			runOnlyForDeploymentPostprocessing = 0;
			shellPath = /bin/sh;
			shellScript = "\"${SRCROOT}/Pods/Target Support Files/Pods-Qmi/Pods-Qmi-frameworks.sh\"\n";
			showEnvVarsInLog = 0;
		};
/* End PBXShellScriptBuildPhase section */

/* Begin PBXSourcesBuildPhase section */
		158568F41DA2E7BF00C03008 /* Sources */ = {
			isa = PBXSourcesBuildPhase;
			buildActionMask = 2147483647;
			files = (
				7D84B3541DA30BCC0013CCF3 /* User.m in Sources */,
				7D84B3511DA2FBF90013CCF3 /* CustomerViewController.m in Sources */,
				7D84B34C1DA2F26C0013CCF3 /* Resturant.m in Sources */,
				7D8E436E1DA351D300350E38 /* LocationManager.m in Sources */,
				158569031DA2E7C000C03008 /* RestaurantViewController.m in Sources */,
				158569001DA2E7C000C03008 /* AppDelegate.m in Sources */,
				158568FD1DA2E7C000C03008 /* main.m in Sources */,
				7D84B3461DA2EFE90013CCF3 /* QueueViewCell.m in Sources */,
				7D84B3491DA2F1AB0013CCF3 /* Customer.m in Sources */,
			);
			runOnlyForDeploymentPostprocessing = 0;
		};
/* End PBXSourcesBuildPhase section */

/* Begin PBXVariantGroup section */
		158569041DA2E7C000C03008 /* RestaurantQueue.storyboard */ = {
			isa = PBXVariantGroup;
			children = (
				158569051DA2E7C000C03008 /* Base */,
			);
			name = RestaurantQueue.storyboard;
			sourceTree = "<group>";
		};
		158569091DA2E7C000C03008 /* LaunchScreen.storyboard */ = {
			isa = PBXVariantGroup;
			children = (
				1585690A1DA2E7C000C03008 /* Base */,
			);
			name = LaunchScreen.storyboard;
			sourceTree = "<group>";
		};
/* End PBXVariantGroup section */

/* Begin XCBuildConfiguration section */
		1585690D1DA2E7C000C03008 /* Debug */ = {
			isa = XCBuildConfiguration;
			buildSettings = {
				ALWAYS_SEARCH_USER_PATHS = NO;
				CLANG_ANALYZER_NONNULL = YES;
				CLANG_CXX_LANGUAGE_STANDARD = "gnu++0x";
				CLANG_CXX_LIBRARY = "libc++";
				CLANG_ENABLE_MODULES = YES;
				CLANG_ENABLE_OBJC_ARC = YES;
				CLANG_WARN_BOOL_CONVERSION = YES;
				CLANG_WARN_CONSTANT_CONVERSION = YES;
				CLANG_WARN_DIRECT_OBJC_ISA_USAGE = YES_ERROR;
				CLANG_WARN_DOCUMENTATION_COMMENTS = YES;
				CLANG_WARN_EMPTY_BODY = YES;
				CLANG_WARN_ENUM_CONVERSION = YES;
				CLANG_WARN_INFINITE_RECURSION = YES;
				CLANG_WARN_INT_CONVERSION = YES;
				CLANG_WARN_OBJC_ROOT_CLASS = YES_ERROR;
				CLANG_WARN_SUSPICIOUS_MOVES = YES;
				CLANG_WARN_UNREACHABLE_CODE = YES;
				CLANG_WARN__DUPLICATE_METHOD_MATCH = YES;
				"CODE_SIGN_IDENTITY[sdk=iphoneos*]" = "iPhone Developer";
				COPY_PHASE_STRIP = NO;
				DEBUG_INFORMATION_FORMAT = dwarf;
				ENABLE_STRICT_OBJC_MSGSEND = YES;
				ENABLE_TESTABILITY = YES;
				GCC_C_LANGUAGE_STANDARD = gnu99;
				GCC_DYNAMIC_NO_PIC = NO;
				GCC_NO_COMMON_BLOCKS = YES;
				GCC_OPTIMIZATION_LEVEL = 0;
				GCC_PREPROCESSOR_DEFINITIONS = (
					"DEBUG=1",
					"$(inherited)",
				);
				GCC_WARN_64_TO_32_BIT_CONVERSION = YES;
				GCC_WARN_ABOUT_RETURN_TYPE = YES_ERROR;
				GCC_WARN_UNDECLARED_SELECTOR = YES;
				GCC_WARN_UNINITIALIZED_AUTOS = YES_AGGRESSIVE;
				GCC_WARN_UNUSED_FUNCTION = YES;
				GCC_WARN_UNUSED_VARIABLE = YES;
				IPHONEOS_DEPLOYMENT_TARGET = 10.0;
				MTL_ENABLE_DEBUG_INFO = YES;
				ONLY_ACTIVE_ARCH = YES;
				SDKROOT = iphoneos;
			};
			name = Debug;
		};
		1585690E1DA2E7C000C03008 /* Release */ = {
			isa = XCBuildConfiguration;
			buildSettings = {
				ALWAYS_SEARCH_USER_PATHS = NO;
				CLANG_ANALYZER_NONNULL = YES;
				CLANG_CXX_LANGUAGE_STANDARD = "gnu++0x";
				CLANG_CXX_LIBRARY = "libc++";
				CLANG_ENABLE_MODULES = YES;
				CLANG_ENABLE_OBJC_ARC = YES;
				CLANG_WARN_BOOL_CONVERSION = YES;
				CLANG_WARN_CONSTANT_CONVERSION = YES;
				CLANG_WARN_DIRECT_OBJC_ISA_USAGE = YES_ERROR;
				CLANG_WARN_DOCUMENTATION_COMMENTS = YES;
				CLANG_WARN_EMPTY_BODY = YES;
				CLANG_WARN_ENUM_CONVERSION = YES;
				CLANG_WARN_INFINITE_RECURSION = YES;
				CLANG_WARN_INT_CONVERSION = YES;
				CLANG_WARN_OBJC_ROOT_CLASS = YES_ERROR;
				CLANG_WARN_SUSPICIOUS_MOVES = YES;
				CLANG_WARN_UNREACHABLE_CODE = YES;
				CLANG_WARN__DUPLICATE_METHOD_MATCH = YES;
				"CODE_SIGN_IDENTITY[sdk=iphoneos*]" = "iPhone Developer";
				COPY_PHASE_STRIP = NO;
				DEBUG_INFORMATION_FORMAT = "dwarf-with-dsym";
				ENABLE_NS_ASSERTIONS = NO;
				ENABLE_STRICT_OBJC_MSGSEND = YES;
				GCC_C_LANGUAGE_STANDARD = gnu99;
				GCC_NO_COMMON_BLOCKS = YES;
				GCC_WARN_64_TO_32_BIT_CONVERSION = YES;
				GCC_WARN_ABOUT_RETURN_TYPE = YES_ERROR;
				GCC_WARN_UNDECLARED_SELECTOR = YES;
				GCC_WARN_UNINITIALIZED_AUTOS = YES_AGGRESSIVE;
				GCC_WARN_UNUSED_FUNCTION = YES;
				GCC_WARN_UNUSED_VARIABLE = YES;
				IPHONEOS_DEPLOYMENT_TARGET = 10.0;
				MTL_ENABLE_DEBUG_INFO = NO;
				SDKROOT = iphoneos;
				VALIDATE_PRODUCT = YES;
			};
			name = Release;
		};
		158569101DA2E7C000C03008 /* Debug */ = {
			isa = XCBuildConfiguration;
			baseConfigurationReference = D5A40C302271F19D694B0373 /* Pods-Qmi.debug.xcconfig */;
			buildSettings = {
				ASSETCATALOG_COMPILER_APPICON_NAME = AppIcon;
				DEVELOPMENT_TEAM = B9P6859THW;
				INFOPLIST_FILE = Qmi/Info.plist;
				LD_RUNPATH_SEARCH_PATHS = "$(inherited) @executable_path/Frameworks";
				PRODUCT_BUNDLE_IDENTIFIER = com.Philip.Qmi;
				PRODUCT_NAME = "$(TARGET_NAME)";
			};
			name = Debug;
		};
		158569111DA2E7C000C03008 /* Release */ = {
			isa = XCBuildConfiguration;
			baseConfigurationReference = D29B0170580968EFDC36A770 /* Pods-Qmi.release.xcconfig */;
			buildSettings = {
				ASSETCATALOG_COMPILER_APPICON_NAME = AppIcon;
				DEVELOPMENT_TEAM = B9P6859THW;
				INFOPLIST_FILE = Qmi/Info.plist;
				LD_RUNPATH_SEARCH_PATHS = "$(inherited) @executable_path/Frameworks";
				PRODUCT_BUNDLE_IDENTIFIER = com.Philip.Qmi;
				PRODUCT_NAME = "$(TARGET_NAME)";
			};
			name = Release;
		};
/* End XCBuildConfiguration section */

/* Begin XCConfigurationList section */
		158568F31DA2E7BF00C03008 /* Build configuration list for PBXProject "Qmi" */ = {
			isa = XCConfigurationList;
			buildConfigurations = (
				1585690D1DA2E7C000C03008 /* Debug */,
				1585690E1DA2E7C000C03008 /* Release */,
			);
			defaultConfigurationIsVisible = 0;
			defaultConfigurationName = Release;
		};
		1585690F1DA2E7C000C03008 /* Build configuration list for PBXNativeTarget "Qmi" */ = {
			isa = XCConfigurationList;
			buildConfigurations = (
				158569101DA2E7C000C03008 /* Debug */,
				158569111DA2E7C000C03008 /* Release */,
			);
			defaultConfigurationIsVisible = 0;
			defaultConfigurationName = Release;
		};
/* End XCConfigurationList section */
	};
	rootObject = 158568F01DA2E7BF00C03008 /* Project object */;
}
